
Microsoft Visual Studio Solution File, Format Version 12.00
# Visual Studio Version 17
VisualStudioVersion = 17.8.34330.188
MinimumVisualStudioVersion = 10.0.40219.1
Project("{9A19103F-16F7-4668-BE54-9A1E7A4F7556}") = "task_manager", "task_manager.csproj", "{A616487F-634D-4C13-B10F-494F7CDE4102}"
EndProject
Global
	GlobalSection(SolutionConfigurationPlatforms) = preSolution
		Debug|Any CPU = Debug|Any CPU
		Release|Any CPU = Release|Any CPU
	EndGlobalSection
	GlobalSection(ProjectConfigurationPlatforms) = postSolution
		{A616487F-634D-4C13-B10F-494F7CDE4102}.Debug|Any CPU.ActiveCfg = Debug|Any CPU
		{A616487F-634D-4C13-B10F-494F7CDE4102}.Debug|Any CPU.Build.0 = Debug|Any CPU
		{A616487F-634D-4C13-B10F-494F7CDE4102}.Release|Any CPU.ActiveCfg = Release|Any CPU
		{A616487F-634D-4C13-B10F-494F7CDE4102}.Release|Any CPU.Build.0 = Release|Any CPU
	EndGlobalSection
	GlobalSection(SolutionProperties) = preSolution
		HideSolutionNode = FALSE
	EndGlobalSection
	GlobalSection(ExtensibilityGlobals) = postSolution
		SolutionGuid = {1F7C49B1-0583-4193-A89F-3B9698CD8042}
	EndGlobalSection
EndGlobal
